
Microsoft Visual Studio Solution File, Format Version 12.00
# Visual Studio Version 16
VisualStudioVersion = 16.0.30320.27
MinimumVisualStudioVersion = 10.0.40219.1
Project("{9A19103F-16F7-4668-BE54-9A1E7A4F7556}") = "AzureUpwardsDemo.Server", "AzureUpwardsDemo\Server\AzureUpwardsDemo.Server.csproj", "{286747EE-1047-437A-9D68-14F4E6E26E13}"
EndProject
Project("{9A19103F-16F7-4668-BE54-9A1E7A4F7556}") = "AzureUpwardsDemo.Client", "AzureUpwardsDemo\Client\AzureUpwardsDemo.Client.csproj", "{C78BB363-3B55-40FB-972E-35CA4B50265B}"
EndProject
Project("{9A19103F-16F7-4668-BE54-9A1E7A4F7556}") = "AzureUpwardsDemo.Shared", "AzureUpwardsDemo\Shared\AzureUpwardsDemo.Shared.csproj", "{F45DCBC9-603C-482E-BF6D-EECE84F3DECA}"
EndProject
Project("{FAE04EC0-301F-11D3-BF4B-00C04F79EFBC}") = "DemoFunction", "DemoFunction\DemoFunction.csproj", "{8ABFA1D1-18FF-4796-9678-AFD57C934FC8}"
EndProject
Global
	GlobalSection(SolutionConfigurationPlatforms) = preSolution
		Debug|Any CPU = Debug|Any CPU
		Release|Any CPU = Release|Any CPU
	EndGlobalSection
	GlobalSection(ProjectConfigurationPlatforms) = postSolution
		{286747EE-1047-437A-9D68-14F4E6E26E13}.Debug|Any CPU.ActiveCfg = Debug|Any CPU
		{286747EE-1047-437A-9D68-14F4E6E26E13}.Debug|Any CPU.Build.0 = Debug|Any CPU
		{286747EE-1047-437A-9D68-14F4E6E26E13}.Release|Any CPU.ActiveCfg = Release|Any CPU
		{286747EE-1047-437A-9D68-14F4E6E26E13}.Release|Any CPU.Build.0 = Release|Any CPU
		{C78BB363-3B55-40FB-972E-35CA4B50265B}.Debug|Any CPU.ActiveCfg = Debug|Any CPU
		{C78BB363-3B55-40FB-972E-35CA4B50265B}.Debug|Any CPU.Build.0 = Debug|Any CPU
		{C78BB363-3B55-40FB-972E-35CA4B50265B}.Release|Any CPU.ActiveCfg = Release|Any CPU
		{C78BB363-3B55-40FB-972E-35CA4B50265B}.Release|Any CPU.Build.0 = Release|Any CPU
		{F45DCBC9-603C-482E-BF6D-EECE84F3DECA}.Debug|Any CPU.ActiveCfg = Debug|Any CPU
		{F45DCBC9-603C-482E-BF6D-EECE84F3DECA}.Debug|Any CPU.Build.0 = Debug|Any CPU
		{F45DCBC9-603C-482E-BF6D-EECE84F3DECA}.Release|Any CPU.ActiveCfg = Release|Any CPU
		{F45DCBC9-603C-482E-BF6D-EECE84F3DECA}.Release|Any CPU.Build.0 = Release|Any CPU
		{8ABFA1D1-18FF-4796-9678-AFD57C934FC8}.Debug|Any CPU.ActiveCfg = Debug|Any CPU
		{8ABFA1D1-18FF-4796-9678-AFD57C934FC8}.Debug|Any CPU.Build.0 = Debug|Any CPU
		{8ABFA1D1-18FF-4796-9678-AFD57C934FC8}.Release|Any CPU.ActiveCfg = Release|Any CPU
		{8ABFA1D1-18FF-4796-9678-AFD57C934FC8}.Release|Any CPU.Build.0 = Release|Any CPU
	EndGlobalSection
	GlobalSection(SolutionProperties) = preSolution
		HideSolutionNode = FALSE
	EndGlobalSection
	GlobalSection(ExtensibilityGlobals) = postSolution
		SolutionGuid = {35C1D3CD-DCA9-4312-921A-7204DB16FDA1}
	EndGlobalSection
EndGlobal
